{
    "_readme": [
        "This file locks the dependencies of your project to a known state",
        "Read more about it at http://getcomposer.org/doc/01-basic-usage.md#composer-lock-the-lock-file",
        "This file is @generated automatically"
    ],
    "hash": "d1423cd08afa82ac161262d4f2e794eb",
    "packages": [
        {
            "name": "camspiers/autoloader-composer-silverstripe",
            "version": "1.0.1",
            "source": {
                "type": "git",
                "url": "https://github.com/camspiers/silverstripe-composer-autoload.git",
                "reference": "94a48f49474d04fb854c1f2b1e2fd03ab5273572"
            },
            "dist": {
                "type": "zip",
                "url": "https://api.github.com/repos/camspiers/silverstripe-composer-autoload/zipball/94a48f49474d04fb854c1f2b1e2fd03ab5273572",
                "reference": "94a48f49474d04fb854c1f2b1e2fd03ab5273572",
                "shasum": ""
            },
            "require": {
                "composer/installers": "*",
                "php": ">=5.3.0"
            },
            "type": "silverstripe-module",
            "notification-url": "https://packagist.org/downloads/",
            "license": [
                "MIT"
            ],
            "authors": [
                {
                    "name": "Cam Spiers",
                    "email": "cameron@heyday.co.nz",
                    "homepage": "https://github.com/camspiers/",
                    "role": "Developer"
                }
            ],
            "homepage": "http://github.com/camspiers/silverstripe-composer-autoload",
            "keywords": [
                "autoload",
                "silverstripe"
            ],
            "time": "2012-08-13 01:11:32"
        },
        {
            "name": "composer/installers",
            "version": "dev-master",
            "source": {
                "type": "git",
                "url": "https://github.com/composer/installers.git",
                "reference": "bd9b14f094c89c8b5804a4e41edeb7853bb85046"
            },
            "dist": {
                "type": "zip",
                "url": "https://api.github.com/repos/composer/installers/zipball/bd9b14f094c89c8b5804a4e41edeb7853bb85046",
                "reference": "bd9b14f094c89c8b5804a4e41edeb7853bb85046",
                "shasum": ""
            },
            "require": {
                "composer-plugin-api": "1.0.0"
            },
            "replace": {
                "roundcube/plugin-installer": "*",
                "shama/baton": "*"
            },
            "require-dev": {
                "composer/composer": "1.0.*@dev",
                "phpunit/phpunit": "4.1.*"
            },
            "type": "composer-plugin",
            "extra": {
                "class": "Composer\\Installers\\Plugin",
                "branch-alias": {
                    "dev-master": "1.0-dev"
                }
            },
            "autoload": {
                "psr-0": {
                    "Composer\\Installers\\": "src/"
                }
            },
            "notification-url": "https://packagist.org/downloads/",
            "license": [
                "MIT"
            ],
            "authors": [
                {
                    "name": "Kyle Robinson Young",
                    "email": "kyle@dontkry.com",
                    "homepage": "https://github.com/shama"
                }
            ],
            "description": "A multi-framework Composer library installer",
            "homepage": "http://composer.github.com/installers/",
            "keywords": [
                "Craft",
                "Dolibarr",
                "Hurad",
                "MODX Evo",
                "OXID",
                "SMF",
                "Thelia",
                "WolfCMS",
                "agl",
                "aimeos",
                "annotatecms",
                "bitrix",
                "cakephp",
                "chef",
                "codeigniter",
                "concrete5",
                "croogo",
                "dokuwiki",
                "drupal",
                "elgg",
                "fuelphp",
                "grav",
                "installer",
                "joomla",
                "kohana",
                "laravel",
                "lithium",
                "magento",
                "mako",
                "mediawiki",
                "modulework",
                "moodle",
                "phpbb",
                "piwik",
                "ppi",
                "puppet",
                "roundcube",
                "shopware",
                "silverstripe",
                "symfony",
                "typo3",
                "wordpress",
                "zend",
                "zikula"
            ],
            "time": "2015-10-29 23:28:48"
        },
        {
            "name": "embed/embed",
            "version": "v2.2.7",
            "source": {
                "type": "git",
                "url": "https://github.com/oscarotero/Embed.git",
                "reference": "75736ec8928e1d27929105ef9902a08d52ec5b34"
            },
            "dist": {
                "type": "zip",
                "url": "https://api.github.com/repos/oscarotero/Embed/zipball/75736ec8928e1d27929105ef9902a08d52ec5b34",
                "reference": "75736ec8928e1d27929105ef9902a08d52ec5b34",
                "shasum": ""
            },
            "require": {
                "ext-curl": "*",
                "php": ">=5.4.0"
            },
            "require-dev": {
                "phpunit/phpunit": "~4.0"
            },
            "type": "library",
            "autoload": {
                "psr-4": {
                    "Embed\\": "src"
                }
            },
            "notification-url": "https://packagist.org/downloads/",
            "license": [
                "MIT"
            ],
            "authors": [
                {
                    "name": "Oscar Otero",
                    "email": "oom@oscarotero.com",
                    "homepage": "http://oscarotero.com",
                    "role": "Developer"
                }
            ],
            "description": "PHP library to retrieve page info using oembed, opengraph, etc",
            "homepage": "https://github.com/oscarotero/Embed",
            "keywords": [
                "embed",
                "embedly",
                "oembed",
                "opengraph",
                "twitter cards"
            ],
            "time": "2015-06-27 17:19:54"
        },
        {
            "name": "gdmedia/ss-auto-git-ignore",
            "version": "dev-master",
            "source": {
                "type": "git",
                "url": "https://github.com/guru-digital/SSAutoGitIgnore.git",
                "reference": "8021f819a4c5e8508e7f3542b199144cad45d727"
            },
            "dist": {
                "type": "zip",
                "url": "https://api.github.com/repos/guru-digital/SSAutoGitIgnore/zipball/8021f819a4c5e8508e7f3542b199144cad45d727",
                "reference": "8021f819a4c5e8508e7f3542b199144cad45d727",
                "shasum": ""
            },
            "type": "library",
            "autoload": {
                "psr-0": {
                    "GDM\\": "./"
                }
            },
            "notification-url": "https://packagist.org/downloads/",
            "authors": [
                {
                    "name": "Corey Sewell",
                    "email": "corey@gurudigal.nz"
                }
            ],
            "description": "A Composer post-update-cmd script to automatically add Composer managed SilverStripe modules and themes to .gitignore",
            "time": "2015-12-30 08:59:16"
        },
        {
            "name": "jonom/focuspoint",
            "version": "dev-master",
            "source": {
                "type": "git",
                "url": "https://github.com/jonom/silverstripe-focuspoint.git",
                "reference": "3296204495d3c9f6ba8ef2f2a6408a173782a8d9"
            },
            "dist": {
                "type": "zip",
                "url": "https://api.github.com/repos/jonom/silverstripe-focuspoint/zipball/3296204495d3c9f6ba8ef2f2a6408a173782a8d9",
                "reference": "3296204495d3c9f6ba8ef2f2a6408a173782a8d9",
                "shasum": ""
            },
            "require": {
                "silverstripe/framework": "^3.2"
            },
            "type": "silverstripe-module",
            "notification-url": "https://packagist.org/downloads/",
            "license": [
                "BSD-3-Clause"
            ],
            "authors": [
                {
                    "name": "Jonathon Menz",
                    "homepage": "http://jonathonmenz.com"
                }
            ],
            "description": "Smarter automatic image cropping for SilverStripe",
            "keywords": [
                "crop",
                "cropping",
                "focus",
                "focuspoint",
                "image",
                "silverstripe"
            ],
            "time": "2015-12-18 19:03:42"
        },
        {
            "name": "sheadawson/silverstripe-linkable",
            "version": "dev-master",
            "source": {
                "type": "git",
                "url": "https://github.com/sheadawson/silverstripe-linkable.git",
                "reference": "1f027d2c72b7744629e2a9031da780abe23ba98b"
            },
            "dist": {
                "type": "zip",
                "url": "https://api.github.com/repos/sheadawson/silverstripe-linkable/zipball/1f027d2c72b7744629e2a9031da780abe23ba98b",
                "reference": "1f027d2c72b7744629e2a9031da780abe23ba98b",
                "shasum": ""
            },
            "require": {
                "embed/embed": "~2.2.2",
                "php": ">=5.3.2",
                "silverstripe/cms": "^3.2",
                "silverstripe/framework": "^3.2",
                "unclecheese/display-logic": "^1"
            },
            "type": "silverstripe-module",
            "extra": {
                "installer-name": "linkable",
                "branch-alias": {
                    "dev-master": "1.2.x-dev"
                }
            },
            "notification-url": "https://packagist.org/downloads/",
            "license": [
                "BSD-3-Clause"
            ],
            "authors": [
                {
                    "name": "Marcus Nyeholt",
                    "email": "marcus@silverstripe.com.au"
                },
                {
                    "name": "Shea Dawson",
                    "email": "shea@silverstripe.com.au"
                }
            ],
            "description": "A couple of handy form fields and objects for managing external and internal links on DataObjects",
            "homepage": "http://github.com/sheadawson/silverstripe-linkable",
            "keywords": [
                "cms",
                "link",
                "silverstripe"
            ],
            "time": "2015-12-17 08:40:36"
        },
        {
            "name": "silverstripe/cms",
            "version": "3.2.1",
            "source": {
                "type": "git",
                "url": "https://github.com/silverstripe/silverstripe-cms.git",
                "reference": "a40c8e034af4e145b788d7561b092fe8f09c7c58"
            },
            "dist": {
                "type": "zip",
                "url": "https://api.github.com/repos/silverstripe/silverstripe-cms/zipball/a40c8e034af4e145b788d7561b092fe8f09c7c58",
                "reference": "a40c8e034af4e145b788d7561b092fe8f09c7c58",
                "shasum": ""
            },
            "require": {
                "composer/installers": "*",
                "php": ">=5.3.3",
                "silverstripe/framework": "~3.2",
                "silverstripe/reports": "~3.2",
                "silverstripe/siteconfig": "~3.2"
            },
            "type": "silverstripe-module",
            "autoload": {
                "classmap": [
                    "tests/behat/"
                ]
            },
            "notification-url": "https://packagist.org/downloads/",
            "license": [
                "BSD-3-Clause"
            ],
            "authors": [
                {
                    "name": "SilverStripe",
                    "homepage": "http://silverstripe.com"
                },
                {
                    "name": "The SilverStripe Community",
                    "homepage": "http://silverstripe.org"
                }
            ],
            "description": "The SilverStripe Content Management System",
            "homepage": "http://silverstripe.org",
            "keywords": [
                "cms",
                "silverstripe"
            ],
            "time": "2015-11-16 03:01:51"
        },
        {
            "name": "silverstripe/framework",
            "version": "3.2.1",
            "source": {
                "type": "git",
                "url": "https://github.com/silverstripe/silverstripe-framework.git",
                "reference": "0178fa5a1873a0f1d6100268c86dab81a18c23a5"
            },
            "dist": {
                "type": "zip",
                "url": "https://api.github.com/repos/silverstripe/silverstripe-framework/zipball/0178fa5a1873a0f1d6100268c86dab81a18c23a5",
                "reference": "0178fa5a1873a0f1d6100268c86dab81a18c23a5",
                "shasum": ""
            },
            "require": {
                "composer/installers": "~1.0",
                "php": ">=5.3.3,<7"
            },
            "require-dev": {
                "phpunit/phpunit": "~3.7"
            },
            "type": "silverstripe-module",
            "autoload": {
                "classmap": [
                    "tests/behat/features/bootstrap"
                ]
            },
            "notification-url": "https://packagist.org/downloads/",
            "license": [
                "BSD-3-Clause"
            ],
            "authors": [
                {
                    "name": "SilverStripe",
                    "homepage": "http://silverstripe.com"
                },
                {
                    "name": "The SilverStripe Community",
                    "homepage": "http://silverstripe.org"
                }
            ],
            "description": "The SilverStripe framework",
            "homepage": "http://silverstripe.org",
            "keywords": [
                "framework",
                "silverstripe"
            ],
            "time": "2015-11-16 03:17:10"
        },
        {
            "name": "silverstripe/reports",
            "version": "3.2.x-dev",
            "source": {
                "type": "git",
                "url": "https://github.com/silverstripe-labs/silverstripe-reports.git",
                "reference": "af2d51125c4651f27d8fb279e44e8ceb5f2996f9"
            },
            "dist": {
                "type": "zip",
                "url": "https://api.github.com/repos/silverstripe-labs/silverstripe-reports/zipball/af2d51125c4651f27d8fb279e44e8ceb5f2996f9",
                "reference": "af2d51125c4651f27d8fb279e44e8ceb5f2996f9",
                "shasum": ""
            },
            "require": {
                "php": ">=5.3.3",
                "silverstripe/framework": "~3.2"
            },
            "require-dev": {
                "phpunit/phpunit": "~3.7"
            },
            "type": "silverstripe-module",
            "notification-url": "https://packagist.org/downloads/",
            "license": [
                "BSD-3-Clause"
            ],
            "authors": [
                {
                    "name": "SilverStripe",
                    "homepage": "http://silverstripe.com"
                },
                {
                    "name": "The SilverStripe Community",
                    "homepage": "http://silverstripe.org"
                }
            ],
            "homepage": "http://silverstripe.org",
            "keywords": [
                "cms",
                "reports",
                "silverstripe"
            ],
            "time": "2015-12-16 21:00:39"
        },
        {
            "name": "silverstripe/siteconfig",
            "version": "3.x-dev",
            "source": {
                "type": "git",
                "url": "https://github.com/silverstripe/silverstripe-siteconfig.git",
                "reference": "93ad67367d66dc90e09603994e6f2ebf2e2f0935"
            },
            "dist": {
                "type": "zip",
                "url": "https://api.github.com/repos/silverstripe/silverstripe-siteconfig/zipball/93ad67367d66dc90e09603994e6f2ebf2e2f0935",
                "reference": "93ad67367d66dc90e09603994e6f2ebf2e2f0935",
                "shasum": ""
            },
            "require": {
                "silverstripe/framework": "*"
            },
            "type": "silverstripe-module",
            "extra": {
                "branch-alias": {
                    "3.x-dev": "3.4.x-dev"
                }
            },
            "autoload": {
                "classmap": [
                    "tests/behat/"
                ]
            },
            "notification-url": "https://packagist.org/downloads/",
            "authors": [
                {
                    "name": "Will Rossiter",
                    "email": "will@fullscreen.io"
                }
            ],
            "description": "Site wide settings administration.",
            "keywords": [
                "silverstripe",
                "siteconfig"
            ],
            "time": "2015-12-23 01:23:59"
        },
        {
            "name": "unclecheese/betterbuttons",
            "version": "1.2.11",
            "source": {
                "type": "git",
                "url": "https://github.com/unclecheese/silverstripe-gridfield-betterbuttons.git",
                "reference": "8144382cfd8e457ec62c680663b7056eb5e85491"
            },
            "dist": {
                "type": "zip",
                "url": "https://api.github.com/repos/unclecheese/silverstripe-gridfield-betterbuttons/zipball/8144382cfd8e457ec62c680663b7056eb5e85491",
                "reference": "8144382cfd8e457ec62c680663b7056eb5e85491",
                "shasum": ""
            },
            "require": {
                "silverstripe/framework": "~3.1"
            },
            "type": "silverstripe-module",
            "notification-url": "https://packagist.org/downloads/",
            "license": [
                "GNU"
            ],
            "authors": [
                {
                    "name": "Uncle Cheese",
                    "email": "unclecheese@leftandmain.com"
                }
            ],
            "description": "Adds new form actions and buttons to GridField detail form for usability enhancements.",
            "keywords": [
                "buttons",
                "gridfield",
                "silverstripe"
            ],
            "time": "2015-12-18 20:44:09"
        },
        {
            "name": "unclecheese/display-logic",
            "version": "1.3.2",
            "source": {
                "type": "git",
                "url": "https://github.com/unclecheese/silverstripe-display-logic.git",
                "reference": "43a2213c4748c3f56fc91842ab3a4a3b22caacf0"
            },
            "dist": {
                "type": "zip",
                "url": "https://api.github.com/repos/unclecheese/silverstripe-display-logic/zipball/43a2213c4748c3f56fc91842ab3a4a3b22caacf0",
                "reference": "43a2213c4748c3f56fc91842ab3a4a3b22caacf0",
                "shasum": ""
            },
            "require": {
                "silverstripe/framework": "^3.2"
            },
            "replace": {
                "silverstripe/display-logic": "*"
            },
            "type": "silverstripe-module",
            "extra": {
                "installer-name": "display_logic"
            },
            "notification-url": "https://packagist.org/downloads/",
            "license": [
                "BSD-3-Clause"
            ],
            "authors": [
                {
                    "name": "Uncle Cheese",
                    "email": "unclecheese@leftandmain.com"
                }
            ],
            "description": "Allows assignment of conditions for display and hide of specific form fields based on client side behavior.",
            "keywords": [
                "Forms",
                "cms",
                "display",
                "logic",
                "silverstripe"
            ],
            "time": "2015-12-14 22:02:51"
        },
        {
            "name": "unclecheese/dropzone",
            "version": "dev-master",
            "source": {
                "type": "git",
                "url": "https://github.com/unclecheese/silverstripe-dropzone.git",
                "reference": "16429b15b90bd295e5894e8b106e2a016d8efbfc"
            },
            "dist": {
                "type": "zip",
                "url": "https://api.github.com/repos/unclecheese/silverstripe-dropzone/zipball/16429b15b90bd295e5894e8b106e2a016d8efbfc",
                "reference": "16429b15b90bd295e5894e8b106e2a016d8efbfc",
                "shasum": ""
            },
            "require": {
                "silverstripe/framework": "3.*"
            },
            "type": "silverstripe-module",
            "extra": {
                "installer-name": "dropzone"
            },
            "notification-url": "https://packagist.org/downloads/",
            "license": [
                "BSD-3-Clause"
            ],
            "authors": [
                {
                    "name": "Uncle Cheese",
                    "email": "unclecheese@leftandmain.com"
                }
            ],
            "description": "An HTML5 upload field for the CMS and frontend forms.",
            "keywords": [
                "Forms",
                "cms",
                "files",
                "silverstripe",
                "upload",
                "uploader"
            ],
            "time": "2015-12-07 23:54:34"
        },
        {
            "name": "unclecheese/zen-fields",
            "version": "dev-master",
            "source": {
                "type": "git",
                "url": "https://github.com/unclecheese/silverstripe-zen-fields.git",
                "reference": "4f78e03575cb7fc6060f7643487bd0ad874fbdeb"
            },
            "dist": {
                "type": "zip",
                "url": "https://api.github.com/repos/unclecheese/silverstripe-zen-fields/zipball/4f78e03575cb7fc6060f7643487bd0ad874fbdeb",
                "reference": "4f78e03575cb7fc6060f7643487bd0ad874fbdeb",
                "shasum": ""
            },
            "require": {
                "silverstripe/cms": "3.*",
                "silverstripe/framework": "3.*"
            },
            "type": "silverstripe-module",
            "extra": {
                "installer-name": "zen_fields"
            },
            "notification-url": "https://packagist.org/downloads/",
            "license": [
                "BSD-3-Clause"
            ],
            "authors": [
                {
                    "name": "Uncle Cheese",
                    "email": "unclecheese@leftandmain.com",
                    "homepage": "http://leftandmain.com"
                }
            ],
            "description": "Syntactic sugar for SilverStripe FieldLists",
            "keywords": [
                "Forms",
                "fieldlist",
                "fields",
                "silverstripe"
            ],
            "time": "2014-05-19 21:47:58"
        },
        {
            "name": "undefinedoffset/sortablegridfield",
            "version": "dev-master",
            "source": {
                "type": "git",
                "url": "https://github.com/UndefinedOffset/SortableGridField.git",
                "reference": "5e3802abe502cfbd29b4c43dc5b67b3c515b1b5b"
            },
            "dist": {
                "type": "zip",
                "url": "https://api.github.com/repos/UndefinedOffset/SortableGridField/zipball/5e3802abe502cfbd29b4c43dc5b67b3c515b1b5b",
                "reference": "5e3802abe502cfbd29b4c43dc5b67b3c515b1b5b",
                "shasum": ""
            },
            "require": {
                "composer/installers": "*",
                "silverstripe/framework": ">=3.0.1,<3.3"
            },
            "type": "silverstripe-module",
            "extra": {
                "installer-name": "sortablegridfield"
            },
            "notification-url": "https://packagist.org/downloads/",
            "license": [
                "BSD-3-Clause"
            ],
            "authors": [
                {
                    "name": "Ed Chipman",
                    "homepage": "http://www.edchipman.ca",
                    "role": "Developer"
                }
            ],
            "description": "Adds drag and drop functionality to SilverStripe 3.0's GridField",
            "keywords": [
                "gridfield",
                "silverstripe"
            ],
            "time": "2015-12-16 21:51:37"
        }
    ],
    "packages-dev": [],
    "aliases": [],
    "minimum-stability": "dev",
    "stability-flags": {
        "gdmedia/ss-auto-git-ignore": 20,
        "unclecheese/dropzone": 20,
        "undefinedoffset/sortablegridfield": 20,
        "sheadawson/silverstripe-linkable": 20,
        "jonom/focuspoint": 20
    },
    "prefer-stable": false,
    "prefer-lowest": false,
    "platform": {
        "php": ">=5.3.2"
    },
    "platform-dev": []
}
